Microsoft Visual Studio Solution File, Format Version 12.00
# Visual Studio Version 16
VisualStudioVersion = 16.0.0.0
MinimumVisualStudioVersion = 16.0.0.0
Project("{9A19103F-16F7-4668-BE54-9A1E7A4F7556}") = "ClothingShop.Server", "Server\ClothingShop.Server.csproj", "{C5593FAB-4209-4A09-A5AA-B6C8DE31FEC5}"
EndProject
Project("{9A19103F-16F7-4668-BE54-9A1E7A4F7556}") = "ClothingShop.Client", "Client\ClothingShop.Client.csproj", "{428C596A-35D3-4A1F-92CD-A97D2D5521D5}"
EndProject
Project("{9A19103F-16F7-4668-BE54-9A1E7A4F7556}") = "ClothingShop.Shared", "Shared\ClothingShop.Shared.csproj", "{A096A040-567D-4CF1-A536-781D636849D2}"
EndProject
Global
	GlobalSection(SolutionConfigurationPlatforms) = preSolution
		Debug|Any CPU = Debug|Any CPU
		Debug|x64 = Debug|x64
		Debug|x86 = Debug|x86
		Release|Any CPU = Release|Any CPU
		Release|x64 = Release|x64
		Release|x86 = Release|x86
	EndGlobalSection
	GlobalSection(ProjectConfigurationPlatforms) = postSolution
		{428C596A-35D3-4A1F-92CD-A97D2D5521D5}.Debug|Any CPU.ActiveCfg = Debug|Any CPU
		{428C596A-35D3-4A1F-92CD-A97D2D5521D5}.Debug|Any CPU.Build.0 = Debug|Any CPU
		{428C596A-35D3-4A1F-92CD-A97D2D5521D5}.Debug|x64.ActiveCfg = Debug|Any CPU
		{428C596A-35D3-4A1F-92CD-A97D2D5521D5}.Debug|x64.Build.0 = Debug|Any CPU
		{428C596A-35D3-4A1F-92CD-A97D2D5521D5}.Debug|x86.ActiveCfg = Debug|Any CPU
		{428C596A-35D3-4A1F-92CD-A97D2D5521D5}.Debug|x86.Build.0 = Debug|Any CPU
		{428C596A-35D3-4A1F-92CD-A97D2D5521D5}.Release|Any CPU.ActiveCfg = Release|Any CPU
		{428C596A-35D3-4A1F-92CD-A97D2D5521D5}.Release|Any CPU.Build.0 = Release|Any CPU
		{428C596A-35D3-4A1F-92CD-A97D2D5521D5}.Release|x64.ActiveCfg = Release|Any CPU
		{428C596A-35D3-4A1F-92CD-A97D2D5521D5}.Release|x64.Build.0 = Release|Any CPU
		{428C596A-35D3-4A1F-92CD-A97D2D5521D5}.Release|x86.ActiveCfg = Release|Any CPU
		{428C596A-35D3-4A1F-92CD-A97D2D5521D5}.Release|x86.Build.0 = Release|Any CPU
		{C5593FAB-4209-4A09-A5AA-B6C8DE31FEC5}.Debug|Any CPU.ActiveCfg = Debug|Any CPU
		{C5593FAB-4209-4A09-A5AA-B6C8DE31FEC5}.Debug|Any CPU.Build.0 = Debug|Any CPU
		{C5593FAB-4209-4A09-A5AA-B6C8DE31FEC5}.Debug|x64.ActiveCfg = Debug|Any CPU
		{C5593FAB-4209-4A09-A5AA-B6C8DE31FEC5}.Debug|x64.Build.0 = Debug|Any CPU
		{C5593FAB-4209-4A09-A5AA-B6C8DE31FEC5}.Debug|x86.ActiveCfg = Debug|Any CPU
		{C5593FAB-4209-4A09-A5AA-B6C8DE31FEC5}.Debug|x86.Build.0 = Debug|Any CPU
		{C5593FAB-4209-4A09-A5AA-B6C8DE31FEC5}.Release|Any CPU.ActiveCfg = Release|Any CPU
		{C5593FAB-4209-4A09-A5AA-B6C8DE31FEC5}.Release|Any CPU.Build.0 = Release|Any CPU
		{C5593FAB-4209-4A09-A5AA-B6C8DE31FEC5}.Release|x64.ActiveCfg = Release|Any CPU
		{C5593FAB-4209-4A09-A5AA-B6C8DE31FEC5}.Release|x64.Build.0 = Release|Any CPU
		{C5593FAB-4209-4A09-A5AA-B6C8DE31FEC5}.Release|x86.ActiveCfg = Release|Any CPU
		{C5593FAB-4209-4A09-A5AA-B6C8DE31FEC5}.Release|x86.Build.0 = Release|Any CPU
		{A096A040-567D-4CF1-A536-781D636849D2}.Debug|Any CPU.ActiveCfg = Debug|Any CPU
		{A096A040-567D-4CF1-A536-781D636849D2}.Debug|Any CPU.Build.0 = Debug|Any CPU
		{A096A040-567D-4CF1-A536-781D636849D2}.Debug|x64.ActiveCfg = Debug|Any CPU
		{A096A040-567D-4CF1-A536-781D636849D2}.Debug|x64.Build.0 = Debug|Any CPU
		{A096A040-567D-4CF1-A536-781D636849D2}.Debug|x86.ActiveCfg = Debug|Any CPU
		{A096A040-567D-4CF1-A536-781D636849D2}.Debug|x86.Build.0 = Debug|Any CPU
		{A096A040-567D-4CF1-A536-781D636849D2}.Release|Any CPU.ActiveCfg = Release|Any CPU
		{A096A040-567D-4CF1-A536-781D636849D2}.Release|Any CPU.Build.0 = Release|Any CPU
		{A096A040-567D-4CF1-A536-781D636849D2}.Release|x64.ActiveCfg = Release|Any CPU
		{A096A040-567D-4CF1-A536-781D636849D2}.Release|x64.Build.0 = Release|Any CPU
		{A096A040-567D-4CF1-A536-781D636849D2}.Release|x86.ActiveCfg = Release|Any CPU
		{A096A040-567D-4CF1-A536-781D636849D2}.Release|x86.Build.0 = Release|Any CPU
	EndGlobalSection
	GlobalSection(SolutionProperties) = preSolution
		HideSolutionNode = FALSE
	EndGlobalSection
	GlobalSection(ExtensibilityGlobals) = postSolution
		SolutionGuid = {C2519C96-DC5B-45DE-B294-B8FA73F7ED66}
	EndGlobalSection
EndGlobal